
Microsoft Visual Studio Solution File, Format Version 12.00
# Visual Studio Version 18
VisualStudioVersion = 18.4.11519.219 insiders
MinimumVisualStudioVersion = 10.0.40219.1
Project("{FAE04EC0-301F-11D3-BF4B-00C04F79EFBC}") = "Fitnesscenter.Api", "Fitnesscenter.Api\Fitnesscenter.Api.csproj", "{257D8E53-5A00-4851-8BD3-75EC4F8154DF}"
EndProject
Project("{FAE04EC0-301F-11D3-BF4B-00C04F79EFBC}") = "Fitnesscenter.Application", "Fitnesscenter.Application\Fitnesscenter.Application.csproj", "{2E5DF825-AED7-4454-B8C6-7662FF1E3F14}"
EndProject
Project("{FAE04EC0-301F-11D3-BF4B-00C04F79EFBC}") = "Fitnesscenter.Test", "Fitnesscenter.Test\Fitnesscenter.Test.csproj", "{C23A564C-75A4-91B9-FB5B-670CD636C7F0}"
EndProject
Global
	GlobalSection(SolutionConfigurationPlatforms) = preSolution
		Debug|Any CPU = Debug|Any CPU
		Debug|x64 = Debug|x64
		Debug|x86 = Debug|x86
		Release|Any CPU = Release|Any CPU
		Release|x64 = Release|x64
		Release|x86 = Release|x86
	EndGlobalSection
	GlobalSection(ProjectConfigurationPlatforms) = postSolution
		{257D8E53-5A00-4851-8BD3-75EC4F8154DF}.Debug|Any CPU.ActiveCfg = Debug|Any CPU
		{257D8E53-5A00-4851-8BD3-75EC4F8154DF}.Debug|Any CPU.Build.0 = Debug|Any CPU
		{257D8E53-5A00-4851-8BD3-75EC4F8154DF}.Debug|x64.ActiveCfg = Debug|Any CPU
		{257D8E53-5A00-4851-8BD3-75EC4F8154DF}.Debug|x64.Build.0 = Debug|Any CPU
		{257D8E53-5A00-4851-8BD3-75EC4F8154DF}.Debug|x86.ActiveCfg = Debug|Any CPU
		{257D8E53-5A00-4851-8BD3-75EC4F8154DF}.Debug|x86.Build.0 = Debug|Any CPU
		{257D8E53-5A00-4851-8BD3-75EC4F8154DF}.Release|Any CPU.ActiveCfg = Release|Any CPU
		{257D8E53-5A00-4851-8BD3-75EC4F8154DF}.Release|Any CPU.Build.0 = Release|Any CPU
		{257D8E53-5A00-4851-8BD3-75EC4F8154DF}.Release|x64.ActiveCfg = Release|Any CPU
		{257D8E53-5A00-4851-8BD3-75EC4F8154DF}.Release|x64.Build.0 = Release|Any CPU
		{257D8E53-5A00-4851-8BD3-75EC4F8154DF}.Release|x86.ActiveCfg = Release|Any CPU
		{257D8E53-5A00-4851-8BD3-75EC4F8154DF}.Release|x86.Build.0 = Release|Any CPU
		{2E5DF825-AED7-4454-B8C6-7662FF1E3F14}.Debug|Any CPU.ActiveCfg = Debug|Any CPU
		{2E5DF825-AED7-4454-B8C6-7662FF1E3F14}.Debug|Any CPU.Build.0 = Debug|Any CPU
		{2E5DF825-AED7-4454-B8C6-7662FF1E3F14}.Debug|x64.ActiveCfg = Debug|Any CPU
		{2E5DF825-AED7-4454-B8C6-7662FF1E3F14}.Debug|x64.Build.0 = Debug|Any CPU
		{2E5DF825-AED7-4454-B8C6-7662FF1E3F14}.Debug|x86.ActiveCfg = Debug|Any CPU
		{2E5DF825-AED7-4454-B8C6-7662FF1E3F14}.Debug|x86.Build.0 = Debug|Any CPU
		{2E5DF825-AED7-4454-B8C6-7662FF1E3F14}.Release|Any CPU.ActiveCfg = Release|Any CPU
		{2E5DF825-AED7-4454-B8C6-7662FF1E3F14}.Release|Any CPU.Build.0 = Release|Any CPU
		{2E5DF825-AED7-4454-B8C6-7662FF1E3F14}.Release|x64.ActiveCfg = Release|Any CPU
		{2E5DF825-AED7-4454-B8C6-7662FF1E3F14}.Release|x64.Build.0 = Release|Any CPU
		{2E5DF825-AED7-4454-B8C6-7662FF1E3F14}.Release|x86.ActiveCfg = Release|Any CPU
		{2E5DF825-AED7-4454-B8C6-7662FF1E3F14}.Release|x86.Build.0 = Release|Any CPU
		{C23A564C-75A4-91B9-FB5B-670CD636C7F0}.Debug|Any CPU.ActiveCfg = Debug|Any CPU
		{C23A564C-75A4-91B9-FB5B-670CD636C7F0}.Debug|Any CPU.Build.0 = Debug|Any CPU
		{C23A564C-75A4-91B9-FB5B-670CD636C7F0}.Debug|x64.ActiveCfg = Debug|Any CPU
		{C23A564C-75A4-91B9-FB5B-670CD636C7F0}.Debug|x64.Build.0 = Debug|Any CPU
		{C23A564C-75A4-91B9-FB5B-670CD636C7F0}.Debug|x86.ActiveCfg = Debug|Any CPU
		{C23A564C-75A4-91B9-FB5B-670CD636C7F0}.Debug|x86.Build.0 = Debug|Any CPU
		{C23A564C-75A4-91B9-FB5B-670CD636C7F0}.Release|Any CPU.ActiveCfg = Release|Any CPU
		{C23A564C-75A4-91B9-FB5B-670CD636C7F0}.Release|Any CPU.Build.0 = Release|Any CPU
		{C23A564C-75A4-91B9-FB5B-670CD636C7F0}.Release|x64.ActiveCfg = Release|Any CPU
		{C23A564C-75A4-91B9-FB5B-670CD636C7F0}.Release|x64.Build.0 = Release|Any CPU
		{C23A564C-75A4-91B9-FB5B-670CD636C7F0}.Release|x86.ActiveCfg = Release|Any CPU
		{C23A564C-75A4-91B9-FB5B-670CD636C7F0}.Release|x86.Build.0 = Release|Any CPU
	EndGlobalSection
	GlobalSection(SolutionProperties) = preSolution
		HideSolutionNode = FALSE
	EndGlobalSection
	GlobalSection(ExtensibilityGlobals) = postSolution
		SolutionGuid = {195661DF-EBFB-438A-9314-5B9E5DF4F524}
	EndGlobalSection
EndGlobal
